// !$*UTF8*$!
{
	archiveVersion = 1;
	classes = {
	};
	objectVersion = 77;
	objects = {

/* Begin PBXBuildFile section */
		471FD4962E0AC56700DE59AA /* FirebaseAnalytics in Frameworks */ = {isa = PBXBuildFile; productRef = 471FD4952E0AC56700DE59AA /* FirebaseAnalytics */; };
		471FD4982E0AC56700DE59AA /* FirebaseAuth in Frameworks */ = {isa = PBXBuildFile; productRef = 471FD4972E0AC56700DE59AA /* FirebaseAuth */; };
		471FD49A2E0AC56700DE59AA /* FirebaseCore in Frameworks */ = {isa = PBXBuildFile; productRef = 471FD4992E0AC56700DE59AA /* FirebaseCore */; };
		471FD49C2E0AC56700DE59AA /* FirebaseCrashlytics in Frameworks */ = {isa = PBXBuildFile; productRef = 471FD49B2E0AC56700DE59AA /* FirebaseCrashlytics */; };
		471FD49E2E0AC56700DE59AA /* FirebaseFirestore in Frameworks */ = {isa = PBXBuildFile; productRef = 471FD49D2E0AC56700DE59AA /* FirebaseFirestore */; };
		471FD4A02E0AC56700DE59AA /* FirebasePerformance in Frameworks */ = {isa = PBXBuildFile; productRef = 471FD49F2E0AC56700DE59AA /* FirebasePerformance */; };
		471FD4A22E0AC56700DE59AA /* FirebaseRemoteConfig in Frameworks */ = {isa = PBXBuildFile; productRef = 471FD4A12E0AC56700DE59AA /* FirebaseRemoteConfig */; };
		471FD4A52E0AC5A700DE59AA /* GoogleSignIn in Frameworks */ = {isa = PBXBuildFile; productRef = 471FD4A42E0AC5A700DE59AA /* GoogleSignIn */; };
		471FD4A82E0AC5E500DE59AA /* GRDB in Frameworks */ = {isa = PBXBuildFile; productRef = 471FD4A72E0AC5E500DE59AA /* GRDB */; };
		471FD4B22E0AC66C00DE59AA /* GoogleSignInSwift in Frameworks */ = {isa = PBXBuildFile; productRef = 471FD4B12E0AC66C00DE59AA /* GoogleSignInSwift */; };
		471FD4B52E0AC69B00DE59AA /* RevenueCat in Frameworks */ = {isa = PBXBuildFile; productRef = 471FD4B42E0AC69B00DE59AA /* RevenueCat */; };
		471FD4B72E0AC69B00DE59AA /* RevenueCatUI in Frameworks */ = {isa = PBXBuildFile; productRef = 471FD4B62E0AC69B00DE59AA /* RevenueCatUI */; };
		471FE2B02E0ADE5C00DE59AA /* StoreKit.framework in Frameworks */ = {isa = PBXBuildFile; fileRef = 471FE2AF2E0ADE5C00DE59AA /* StoreKit.framework */; };
		47412E012E143FFF0099F20A /* DeviceReportExtension.appex in Embed ExtensionKit Extensions */ = {isa = PBXBuildFile; fileRef = 47412DF52E143FFE0099F20A /* DeviceReportExtension.appex */; settings = {ATTRIBUTES = (RemoveHeadersOnCopy, ); }; };
		478055D92D5BE259003988E7 /* DeviceActivity.framework in Frameworks */ = {isa = PBXBuildFile; fileRef = 478055D82D5BE259003988E7 /* DeviceActivity.framework */; };
		478055E12D5BE259003988E7 /* DeviceActivityMonitorExtension.appex in Embed Foundation Extensions */ = {isa = PBXBuildFile; fileRef = 478055D62D5BE259003988E7 /* DeviceActivityMonitorExtension.appex */; settings = {ATTRIBUTES = (RemoveHeadersOnCopy, ); }; };
		47889F852E12A4B900D86A0E /* ManagedSettings.framework in Frameworks */ = {isa = PBXBuildFile; fileRef = 47889F842E12A4B900D86A0E /* ManagedSettings.framework */; };
		47889F872E12A4B900D86A0E /* ManagedSettingsUI.framework in Frameworks */ = {isa = PBXBuildFile; fileRef = 47889F862E12A4B900D86A0E /* ManagedSettingsUI.framework */; };
		47889F8F2E12A4B900D86A0E /* Shield.appex in Embed Foundation Extensions */ = {isa = PBXBuildFile; fileRef = 47889F832E12A4B900D86A0E /* Shield.appex */; settings = {ATTRIBUTES = (RemoveHeadersOnCopy, ); }; };
		47CEDE732E1D825C0007B639 /* GoogleService-Info.plist in Resources */ = {isa = PBXBuildFile; fileRef = 47CEDE722E1D825C0007B639 /* GoogleService-Info.plist */; };
/* End PBXBuildFile section */

/* Begin PBXContainerItemProxy section */
		47412DFF2E143FFF0099F20A /* PBXContainerItemProxy */ = {
			isa = PBXContainerItemProxy;
			containerPortal = 4780550B2D5BD68B003988E7 /* Project object */;
			proxyType = 1;
			remoteGlobalIDString = 47412DF42E143FFE0099F20A;
			remoteInfo = DeviceReportExtension;
		};
		478055242D5BD68C003988E7 /* PBXContainerItemProxy */ = {
			isa = PBXContainerItemProxy;
			containerPortal = 4780550B2D5BD68B003988E7 /* Project object */;
			proxyType = 1;
			remoteGlobalIDString = 478055122D5BD68B003988E7;
			remoteInfo = ScreenTimeTestApp;
		};
		4780552E2D5BD68C003988E7 /* PBXContainerItemProxy */ = {
			isa = PBXContainerItemProxy;
			containerPortal = 4780550B2D5BD68B003988E7 /* Project object */;
			proxyType = 1;
			remoteGlobalIDString = 478055122D5BD68B003988E7;
			remoteInfo = ScreenTimeTestApp;
		};
		478055DF2D5BE259003988E7 /* PBXContainerItemProxy */ = {
			isa = PBXContainerItemProxy;
			containerPortal = 4780550B2D5BD68B003988E7 /* Project object */;
			proxyType = 1;
			remoteGlobalIDString = 478055D52D5BE259003988E7;
			remoteInfo = DeviceActivityMonitorExtension;
		};
		47889F8D2E12A4B900D86A0E /* PBXContainerItemProxy */ = {
			isa = PBXContainerItemProxy;
			containerPortal = 4780550B2D5BD68B003988E7 /* Project object */;
			proxyType = 1;
			remoteGlobalIDString = 47889F822E12A4B900D86A0E;
			remoteInfo = Shield;
		};
/* End PBXContainerItemProxy section */

/* Begin PBXCopyFilesBuildPhase section */
		47412E022E143FFF0099F20A /* Embed ExtensionKit Extensions */ = {
			isa = PBXCopyFilesBuildPhase;
			buildActionMask = 2147483647;
			dstPath = "$(EXTENSIONS_FOLDER_PATH)";
			dstSubfolderSpec = 16;
			files = (
				47412E012E143FFF0099F20A /* DeviceReportExtension.appex in Embed ExtensionKit Extensions */,
			);
			name = "Embed ExtensionKit Extensions";
			runOnlyForDeploymentPostprocessing = 0;
		};
		478055E62D5BE259003988E7 /* Embed Foundation Extensions */ = {
			isa = PBXCopyFilesBuildPhase;
			buildActionMask = 2147483647;
			dstPath = "";
			dstSubfolderSpec = 13;
			files = (
				478055E12D5BE259003988E7 /* DeviceActivityMonitorExtension.appex in Embed Foundation Extensions */,
				47889F8F2E12A4B900D86A0E /* Shield.appex in Embed Foundation Extensions */,
			);
			name = "Embed Foundation Extensions";
			runOnlyForDeploymentPostprocessing = 0;
		};
/* End PBXCopyFilesBuildPhase section */

/* Begin PBXFileReference section */
		471FE2AE2E0ADDFF00DE59AA /* AntiSocialApp-Info.plist */ = {isa = PBXFileReference; lastKnownFileType = text.plist; path = "AntiSocialApp-Info.plist"; sourceTree = "<group>"; };
		471FE2AF2E0ADE5C00DE59AA /* StoreKit.framework */ = {isa = PBXFileReference; lastKnownFileType = wrapper.framework; name = StoreKit.framework; path = System/Library/Frameworks/StoreKit.framework; sourceTree = SDKROOT; };
		47412DF52E143FFE0099F20A /* DeviceReportExtension.appex */ = {isa = PBXFileReference; explicitFileType = "wrapper.extensionkit-extension"; includeInIndex = 0; path = DeviceReportExtension.appex; sourceTree = BUILT_PRODUCTS_DIR; };
		478055132D5BD68B003988E7 /* AntiSocialApp.app */ = {isa = PBXFileReference; explicitFileType = wrapper.application; includeInIndex = 0; path = AntiSocialApp.app; sourceTree = BUILT_PRODUCTS_DIR; };
		478055232D5BD68C003988E7 /* AntiSocialTests.xctest */ = {isa = PBXFileReference; explicitFileType = wrapper.cfbundle; includeInIndex = 0; path = AntiSocialTests.xctest; sourceTree = BUILT_PRODUCTS_DIR; };
		4780552D2D5BD68C003988E7 /* AntiSocialUITests.xctest */ = {isa = PBXFileReference; explicitFileType = wrapper.cfbundle; includeInIndex = 0; path = AntiSocialUITests.xctest; sourceTree = BUILT_PRODUCTS_DIR; };
		478055D62D5BE259003988E7 /* DeviceActivityMonitorExtension.appex */ = {isa = PBXFileReference; explicitFileType = "wrapper.app-extension"; includeInIndex = 0; path = DeviceActivityMonitorExtension.appex; sourceTree = BUILT_PRODUCTS_DIR; };
		478055D82D5BE259003988E7 /* DeviceActivity.framework */ = {isa = PBXFileReference; lastKnownFileType = wrapper.framework; name = DeviceActivity.framework; path = System/Library/Frameworks/DeviceActivity.framework; sourceTree = SDKROOT; };
		47889F832E12A4B900D86A0E /* Shield.appex */ = {isa = PBXFileReference; explicitFileType = "wrapper.app-extension"; includeInIndex = 0; path = Shield.appex; sourceTree = BUILT_PRODUCTS_DIR; };
		47889F842E12A4B900D86A0E /* ManagedSettings.framework */ = {isa = PBXFileReference; lastKnownFileType = wrapper.framework; name = ManagedSettings.framework; path = System/Library/Frameworks/ManagedSettings.framework; sourceTree = SDKROOT; };
		47889F862E12A4B900D86A0E /* ManagedSettingsUI.framework */ = {isa = PBXFileReference; lastKnownFileType = wrapper.framework; name = ManagedSettingsUI.framework; path = System/Library/Frameworks/ManagedSettingsUI.framework; sourceTree = SDKROOT; };
		47CEDE722E1D825C0007B639 /* GoogleService-Info.plist */ = {isa = PBXFileReference; lastKnownFileType = text.plist.xml; path = "GoogleService-Info.plist"; sourceTree = "<group>"; };
/* End PBXFileReference section */

/* Begin PBXFileSystemSynchronizedBuildFileExceptionSet section */
		471FD1672E0AC22D00DE59AA /* Exceptions for "AntiSocial" folder in "DeviceActivityMonitorExtension" target */ = {
			isa = PBXFileSystemSynchronizedBuildFileExceptionSet;
			membershipExceptions = (
				Models/AppUsage.swift,
				"Utilities/Extensions/Color+Constants.swift",
				Utilities/Services/DeviceActivity/SharedData.swift,
			);
			target = 478055D52D5BE259003988E7 /* DeviceActivityMonitorExtension */;
		};
		47412E052E143FFF0099F20A /* Exceptions for "DeviceReportExtension" folder in "DeviceReportExtension" target */ = {
			isa = PBXFileSystemSynchronizedBuildFileExceptionSet;
			membershipExceptions = (
				Info.plist,
			);
			target = 47412DF42E143FFE0099F20A /* DeviceReportExtension */;
		};
		47412E0A2E1440B50099F20A /* Exceptions for "DeviceReportExtension" folder in "AntiSocialApp" target */ = {
			isa = PBXFileSystemSynchronizedBuildFileExceptionSet;
			membershipExceptions = (
				Models/ActivityReport.swift,
				ScreenTime/ScreenTimeTodayView.swift,
				Stats/ActivityReportView.swift,
				Stats/StatsSectionViewProxy.swift,
			);
			target = 478055122D5BD68B003988E7 /* AntiSocialApp */;
		};
		474138182E15710C0099F20A /* Exceptions for "DeviceReportExtension" folder in "DeviceActivityMonitorExtension" target */ = {
			isa = PBXFileSystemSynchronizedBuildFileExceptionSet;
			membershipExceptions = (
				CardView.swift,
				Models/ActivityReport.swift,
				ScreenTime/ScreenTimeSectionView.swift,
			);
			target = 478055D52D5BE259003988E7 /* DeviceActivityMonitorExtension */;
		};
		4741381D2E1571FB0099F20A /* Exceptions for "AntiSocial" folder in "DeviceReportExtension" target */ = {
			isa = PBXFileSystemSynchronizedBuildFileExceptionSet;
			membershipExceptions = (
				Models/AppUsage.swift,
				Models/ChartBar.swift,
				Models/DeviceActivity/StatsData.swift,
				Screens/1_AppMonitor/Views/Sections/Stats/ChartView.swift,
				"Utilities/Extensions/Color+Constants.swift",
				Utilities/Services/Storage/Local/FocusedTimeStatsStore.swift,
				Views/Blur/BackdropBlurView.swift,
			);
			target = 47412DF42E143FFE0099F20A /* DeviceReportExtension */;
		};
		478055E22D5BE259003988E7 /* Exceptions for "DeviceActivityMonitorExtension" folder in "DeviceActivityMonitorExtension" target */ = {
			isa = PBXFileSystemSynchronizedBuildFileExceptionSet;
			membershipExceptions = (
				Info.plist,
			);
			target = 478055D52D5BE259003988E7 /* DeviceActivityMonitorExtension */;
		};
		47889F922E12A4B900D86A0E /* Exceptions for "Shield" folder in "Shield" target */ = {
			isa = PBXFileSystemSynchronizedBuildFileExceptionSet;
			membershipExceptions = (
				Info.plist,
			);
			target = 47889F822E12A4B900D86A0E /* Shield */;
		};
		47889F952E12A64600D86A0E /* Exceptions for "AntiSocial" folder in "Shield" target */ = {
			isa = PBXFileSystemSynchronizedBuildFileExceptionSet;
			membershipExceptions = (
				App/Assets.xcassets,
			);
			target = 47889F822E12A4B900D86A0E /* Shield */;
		};
/* End PBXFileSystemSynchronizedBuildFileExceptionSet section */

/* Begin PBXFileSystemSynchronizedRootGroup section */
		47412DF62E143FFF0099F20A /* DeviceReportExtension */ = {
			isa = PBXFileSystemSynchronizedRootGroup;
			exceptions = (
				47412E0A2E1440B50099F20A /* Exceptions for "DeviceReportExtension" folder in "AntiSocialApp" target */,
				474138182E15710C0099F20A /* Exceptions for "DeviceReportExtension" folder in "DeviceActivityMonitorExtension" target */,
				47412E052E143FFF0099F20A /* Exceptions for "DeviceReportExtension" folder in "DeviceReportExtension" target */,
			);
			path = DeviceReportExtension;
			sourceTree = "<group>";
		};
		478055152D5BD68B003988E7 /* AntiSocial */ = {
			isa = PBXFileSystemSynchronizedRootGroup;
			exceptions = (
				471FD1672E0AC22D00DE59AA /* Exceptions for "AntiSocial" folder in "DeviceActivityMonitorExtension" target */,
				47889F952E12A64600D86A0E /* Exceptions for "AntiSocial" folder in "Shield" target */,
				4741381D2E1571FB0099F20A /* Exceptions for "AntiSocial" folder in "DeviceReportExtension" target */,
			);
			path = AntiSocial;
			sourceTree = "<group>";
		};
		478055262D5BD68C003988E7 /* AntiSocialAppTests */ = {
			isa = PBXFileSystemSynchronizedRootGroup;
			path = AntiSocialAppTests;
			sourceTree = "<group>";
		};
		478055302D5BD68C003988E7 /* AntiSocialAppUITests */ = {
			isa = PBXFileSystemSynchronizedRootGroup;
			path = AntiSocialAppUITests;
			sourceTree = "<group>";
		};
		478055DA2D5BE259003988E7 /* DeviceActivityMonitorExtension */ = {
			isa = PBXFileSystemSynchronizedRootGroup;
			exceptions = (
				478055E22D5BE259003988E7 /* Exceptions for "DeviceActivityMonitorExtension" folder in "DeviceActivityMonitorExtension" target */,
			);
			path = DeviceActivityMonitorExtension;
			sourceTree = "<group>";
		};
		47889F882E12A4B900D86A0E /* Shield */ = {
			isa = PBXFileSystemSynchronizedRootGroup;
			exceptions = (
				47889F922E12A4B900D86A0E /* Exceptions for "Shield" folder in "Shield" target */,
			);
			path = Shield;
			sourceTree = "<group>";
		};
/* End PBXFileSystemSynchronizedRootGroup section */

/* Begin PBXFrameworksBuildPhase section */
		47412DF22E143FFE0099F20A /* Frameworks */ = {
			isa = PBXFrameworksBuildPhase;
			buildActionMask = 2147483647;
			files = (
			);
			runOnlyForDeploymentPostprocessing = 0;
		};
		478055102D5BD68B003988E7 /* Frameworks */ = {
			isa = PBXFrameworksBuildPhase;
			buildActionMask = 2147483647;
			files = (
				471FD4A82E0AC5E500DE59AA /* GRDB in Frameworks */,
				471FD4962E0AC56700DE59AA /* FirebaseAnalytics in Frameworks */,
				471FD4A52E0AC5A700DE59AA /* GoogleSignIn in Frameworks */,
				471FD49C2E0AC56700DE59AA /* FirebaseCrashlytics in Frameworks */,
				471FD4B52E0AC69B00DE59AA /* RevenueCat in Frameworks */,
				471FD4A02E0AC56700DE59AA /* FirebasePerformance in Frameworks */,
				471FD4B22E0AC66C00DE59AA /* GoogleSignInSwift in Frameworks */,
				471FD4A22E0AC56700DE59AA /* FirebaseRemoteConfig in Frameworks */,
				471FD4B72E0AC69B00DE59AA /* RevenueCatUI in Frameworks */,
				471FD49A2E0AC56700DE59AA /* FirebaseCore in Frameworks */,
				471FD49E2E0AC56700DE59AA /* FirebaseFirestore in Frameworks */,
				471FE2B02E0ADE5C00DE59AA /* StoreKit.framework in Frameworks */,
				471FD4982E0AC56700DE59AA /* FirebaseAuth in Frameworks */,
			);
			runOnlyForDeploymentPostprocessing = 0;
		};
		478055202D5BD68C003988E7 /* Frameworks */ = {
			isa = PBXFrameworksBuildPhase;
			buildActionMask = 2147483647;
			files = (
			);
			runOnlyForDeploymentPostprocessing = 0;
		};
		4780552A2D5BD68C003988E7 /* Frameworks */ = {
			isa = PBXFrameworksBuildPhase;
			buildActionMask = 2147483647;
			files = (
			);
			runOnlyForDeploymentPostprocessing = 0;
		};
		478055D32D5BE259003988E7 /* Frameworks */ = {
			isa = PBXFrameworksBuildPhase;
			buildActionMask = 2147483647;
			files = (
				478055D92D5BE259003988E7 /* DeviceActivity.framework in Frameworks */,
			);
			runOnlyForDeploymentPostprocessing = 0;
		};
		47889F802E12A4B900D86A0E /* Frameworks */ = {
			isa = PBXFrameworksBuildPhase;
			buildActionMask = 2147483647;
			files = (
				47889F852E12A4B900D86A0E /* ManagedSettings.framework in Frameworks */,
				47889F872E12A4B900D86A0E /* ManagedSettingsUI.framework in Frameworks */,
			);
			runOnlyForDeploymentPostprocessing = 0;
		};
/* End PBXFrameworksBuildPhase section */

/* Begin PBXGroup section */
		4780550A2D5BD68B003988E7 = {
			isa = PBXGroup;
			children = (
				47CEDE722E1D825C0007B639 /* GoogleService-Info.plist */,
				471FE2AE2E0ADDFF00DE59AA /* AntiSocialApp-Info.plist */,
				478055152D5BD68B003988E7 /* AntiSocial */,
				478055262D5BD68C003988E7 /* AntiSocialAppTests */,
				478055302D5BD68C003988E7 /* AntiSocialAppUITests */,
				478055DA2D5BE259003988E7 /* DeviceActivityMonitorExtension */,
				47889F882E12A4B900D86A0E /* Shield */,
				47412DF62E143FFF0099F20A /* DeviceReportExtension */,
				478055D72D5BE259003988E7 /* Frameworks */,
				478055142D5BD68B003988E7 /* Products */,
			);
			sourceTree = "<group>";
		};
		478055142D5BD68B003988E7 /* Products */ = {
			isa = PBXGroup;
			children = (
				478055132D5BD68B003988E7 /* AntiSocialApp.app */,
				478055232D5BD68C003988E7 /* AntiSocialTests.xctest */,
				4780552D2D5BD68C003988E7 /* AntiSocialUITests.xctest */,
				478055D62D5BE259003988E7 /* DeviceActivityMonitorExtension.appex */,
				47889F832E12A4B900D86A0E /* Shield.appex */,
				47412DF52E143FFE0099F20A /* DeviceReportExtension.appex */,
			);
			name = Products;
			sourceTree = "<group>";
		};
		478055D72D5BE259003988E7 /* Frameworks */ = {
			isa = PBXGroup;
			children = (
				471FE2AF2E0ADE5C00DE59AA /* StoreKit.framework */,
				478055D82D5BE259003988E7 /* DeviceActivity.framework */,
				47889F842E12A4B900D86A0E /* ManagedSettings.framework */,
				47889F862E12A4B900D86A0E /* ManagedSettingsUI.framework */,
			);
			name = Frameworks;
			sourceTree = "<group>";
		};
/* End PBXGroup section */

/* Begin PBXNativeTarget section */
		47412DF42E143FFE0099F20A /* DeviceReportExtension */ = {
			isa = PBXNativeTarget;
			buildConfigurationList = 47412E062E143FFF0099F20A /* Build configuration list for PBXNativeTarget "DeviceReportExtension" */;
			buildPhases = (
				47412DF12E143FFE0099F20A /* Sources */,
				47412DF22E143FFE0099F20A /* Frameworks */,
				47412DF32E143FFE0099F20A /* Resources */,
			);
			buildRules = (
			);
			dependencies = (
			);
			fileSystemSynchronizedGroups = (
				47412DF62E143FFF0099F20A /* DeviceReportExtension */,
			);
			name = DeviceReportExtension;
			packageProductDependencies = (
			);
			productName = DeviceReportExtension;
			productReference = 47412DF52E143FFE0099F20A /* DeviceReportExtension.appex */;
			productType = "com.apple.product-type.extensionkit-extension";
		};
		478055122D5BD68B003988E7 /* AntiSocialApp */ = {
			isa = PBXNativeTarget;
			buildConfigurationList = 478055372D5BD68C003988E7 /* Build configuration list for PBXNativeTarget "AntiSocialApp" */;
			buildPhases = (
				4780550F2D5BD68B003988E7 /* Sources */,
				478055102D5BD68B003988E7 /* Frameworks */,
				478055112D5BD68B003988E7 /* Resources */,
				478055E62D5BE259003988E7 /* Embed Foundation Extensions */,
				47412E022E143FFF0099F20A /* Embed ExtensionKit Extensions */,
			);
			buildRules = (
			);
			dependencies = (
				478055E02D5BE259003988E7 /* PBXTargetDependency */,
				47889F8E2E12A4B900D86A0E /* PBXTargetDependency */,
				47412E002E143FFF0099F20A /* PBXTargetDependency */,
			);
			fileSystemSynchronizedGroups = (
				478055152D5BD68B003988E7 /* AntiSocial */,
			);
			name = AntiSocialApp;
			packageProductDependencies = (
				471FD4952E0AC56700DE59AA /* FirebaseAnalytics */,
				471FD4972E0AC56700DE59AA /* FirebaseAuth */,
				471FD4992E0AC56700DE59AA /* FirebaseCore */,
				471FD49B2E0AC56700DE59AA /* FirebaseCrashlytics */,
				471FD49D2E0AC56700DE59AA /* FirebaseFirestore */,
				471FD49F2E0AC56700DE59AA /* FirebasePerformance */,
				471FD4A12E0AC56700DE59AA /* FirebaseRemoteConfig */,
				471FD4A42E0AC5A700DE59AA /* GoogleSignIn */,
				471FD4A72E0AC5E500DE59AA /* GRDB */,
				471FD4B12E0AC66C00DE59AA /* GoogleSignInSwift */,
				471FD4B42E0AC69B00DE59AA /* RevenueCat */,
				471FD4B62E0AC69B00DE59AA /* RevenueCatUI */,
			);
			productName = ScreenTimeTestApp;
			productReference = 478055132D5BD68B003988E7 /* AntiSocialApp.app */;
			productType = "com.apple.product-type.application";
		};
		478055222D5BD68C003988E7 /* AntiSocialTests */ = {
			isa = PBXNativeTarget;
			buildConfigurationList = 4780553A2D5BD68C003988E7 /* Build configuration list for PBXNativeTarget "AntiSocialTests" */;
			buildPhases = (
				4780551F2D5BD68C003988E7 /* Sources */,
				478055202D5BD68C003988E7 /* Frameworks */,
				478055212D5BD68C003988E7 /* Resources */,
			);
			buildRules = (
			);
			dependencies = (
				478055252D5BD68C003988E7 /* PBXTargetDependency */,
			);
			fileSystemSynchronizedGroups = (
				478055262D5BD68C003988E7 /* AntiSocialAppTests */,
			);
			name = AntiSocialTests;
			packageProductDependencies = (
			);
			productName = ScreenTimeTestAppTests;
			productReference = 478055232D5BD68C003988E7 /* AntiSocialTests.xctest */;
			productType = "com.apple.product-type.bundle.unit-test";
		};
		4780552C2D5BD68C003988E7 /* AntiSocialUITests */ = {
			isa = PBXNativeTarget;
			buildConfigurationList = 4780553D2D5BD68C003988E7 /* Build configuration list for PBXNativeTarget "AntiSocialUITests" */;
			buildPhases = (
				478055292D5BD68C003988E7 /* Sources */,
				4780552A2D5BD68C003988E7 /* Frameworks */,
				4780552B2D5BD68C003988E7 /* Resources */,
			);
			buildRules = (
			);
			dependencies = (
				4780552F2D5BD68C003988E7 /* PBXTargetDependency */,
			);
			fileSystemSynchronizedGroups = (
				478055302D5BD68C003988E7 /* AntiSocialAppUITests */,
			);
			name = AntiSocialUITests;
			packageProductDependencies = (
			);
			productName = ScreenTimeTestAppUITests;
			productReference = 4780552D2D5BD68C003988E7 /* AntiSocialUITests.xctest */;
			productType = "com.apple.product-type.bundle.ui-testing";
		};
		478055D52D5BE259003988E7 /* DeviceActivityMonitorExtension */ = {
			isa = PBXNativeTarget;
			buildConfigurationList = 478055E32D5BE259003988E7 /* Build configuration list for PBXNativeTarget "DeviceActivityMonitorExtension" */;
			buildPhases = (
				478055D22D5BE259003988E7 /* Sources */,
				478055D32D5BE259003988E7 /* Frameworks */,
				478055D42D5BE259003988E7 /* Resources */,
			);
			buildRules = (
			);
			dependencies = (
			);
			fileSystemSynchronizedGroups = (
				478055DA2D5BE259003988E7 /* DeviceActivityMonitorExtension */,
			);
			name = DeviceActivityMonitorExtension;
			packageProductDependencies = (
			);
			productName = DeviceActivityMonitorExtension;
			productReference = 478055D62D5BE259003988E7 /* DeviceActivityMonitorExtension.appex */;
			productType = "com.apple.product-type.app-extension";
		};
		47889F822E12A4B900D86A0E /* Shield */ = {
			isa = PBXNativeTarget;
			buildConfigurationList = 47889F932E12A4B900D86A0E /* Build configuration list for PBXNativeTarget "Shield" */;
			buildPhases = (
				47889F7F2E12A4B900D86A0E /* Sources */,
				47889F802E12A4B900D86A0E /* Frameworks */,
				47889F812E12A4B900D86A0E /* Resources */,
			);
			buildRules = (
			);
			dependencies = (
			);
			fileSystemSynchronizedGroups = (
				47889F882E12A4B900D86A0E /* Shield */,
			);
			name = Shield;
			packageProductDependencies = (
			);
			productName = Shield;
			productReference = 47889F832E12A4B900D86A0E /* Shield.appex */;
			productType = "com.apple.product-type.app-extension";
		};
/* End PBXNativeTarget section */

/* Begin PBXProject section */
		4780550B2D5BD68B003988E7 /* Project object */ = {
			isa = PBXProject;
			attributes = {
				BuildIndependentTargetsInParallel = 1;
				LastSwiftUpdateCheck = 1620;
				LastUpgradeCheck = 1620;
				TargetAttributes = {
					47412DF42E143FFE0099F20A = {
						CreatedOnToolsVersion = 16.2;
					};
					478055122D5BD68B003988E7 = {
						CreatedOnToolsVersion = 16.2;
					};
					478055222D5BD68C003988E7 = {
						CreatedOnToolsVersion = 16.2;
						TestTargetID = 478055122D5BD68B003988E7;
					};
					4780552C2D5BD68C003988E7 = {
						CreatedOnToolsVersion = 16.2;
						TestTargetID = 478055122D5BD68B003988E7;
					};
					478055D52D5BE259003988E7 = {
						CreatedOnToolsVersion = 16.2;
					};
					47889F822E12A4B900D86A0E = {
						CreatedOnToolsVersion = 16.2;
					};
				};
			};
			buildConfigurationList = 4780550E2D5BD68B003988E7 /* Build configuration list for PBXProject "AntiSocial" */;
			developmentRegion = en;
			hasScannedForEncodings = 0;
			knownRegions = (
				en,
				Base,
			);
			mainGroup = 4780550A2D5BD68B003988E7;
			minimizedProjectReferenceProxies = 1;
			packageReferences = (
				471FD4942E0AC56700DE59AA /* XCRemoteSwiftPackageReference "firebase-ios-sdk" */,
				471FD4A32E0AC5A700DE59AA /* XCRemoteSwiftPackageReference "GoogleSignIn-iOS" */,
				471FD4A62E0AC5E500DE59AA /* XCRemoteSwiftPackageReference "GRDB.swift" */,
				471FD4B32E0AC69B00DE59AA /* XCRemoteSwiftPackageReference "purchases-ios-spm" */,
			);
			preferredProjectObjectVersion = 77;
			productRefGroup = 478055142D5BD68B003988E7 /* Products */;
			projectDirPath = "";
			projectRoot = "";
			targets = (
				478055122D5BD68B003988E7 /* AntiSocialApp */,
				478055222D5BD68C003988E7 /* AntiSocialTests */,
				4780552C2D5BD68C003988E7 /* AntiSocialUITests */,
				478055D52D5BE259003988E7 /* DeviceActivityMonitorExtension */,
				47889F822E12A4B900D86A0E /* Shield */,
				47412DF42E143FFE0099F20A /* DeviceReportExtension */,
			);
		};
/* End PBXProject section */

/* Begin PBXResourcesBuildPhase section */
		47412DF32E143FFE0099F20A /* Resources */ = {
			isa = PBXResourcesBuildPhase;
			buildActionMask = 2147483647;
			files = (
			);
			runOnlyForDeploymentPostprocessing = 0;
		};
		478055112D5BD68B003988E7 /* Resources */ = {
			isa = PBXResourcesBuildPhase;
			buildActionMask = 2147483647;
			files = (
				47CEDE732E1D825C0007B639 /* GoogleService-Info.plist in Resources */,
			);
			runOnlyForDeploymentPostprocessing = 0;
		};
		478055212D5BD68C003988E7 /* Resources */ = {
			isa = PBXResourcesBuildPhase;
			buildActionMask = 2147483647;
			files = (
			);
			runOnlyForDeploymentPostprocessing = 0;
		};
		4780552B2D5BD68C003988E7 /* Resources */ = {
			isa = PBXResourcesBuildPhase;
			buildActionMask = 2147483647;
			files = (
			);
			runOnlyForDeploymentPostprocessing = 0;
		};
		478055D42D5BE259003988E7 /* Resources */ = {
			isa = PBXResourcesBuildPhase;
			buildActionMask = 2147483647;
			files = (
			);
			runOnlyForDeploymentPostprocessing = 0;
		};
		47889F812E12A4B900D86A0E /* Resources */ = {
			isa = PBXResourcesBuildPhase;
			buildActionMask = 2147483647;
			files = (
			);
			runOnlyForDeploymentPostprocessing = 0;
		};
/* End PBXResourcesBuildPhase section */

/* Begin PBXSourcesBuildPhase section */
		47412DF12E143FFE0099F20A /* Sources */ = {
			isa = PBXSourcesBuildPhase;
			buildActionMask = 2147483647;
			files = (
			);
			runOnlyForDeploymentPostprocessing = 0;
		};
		4780550F2D5BD68B003988E7 /* Sources */ = {
			isa = PBXSourcesBuildPhase;
			buildActionMask = 2147483647;
			files = (
			);
			runOnlyForDeploymentPostprocessing = 0;
		};
		4780551F2D5BD68C003988E7 /* Sources */ = {
			isa = PBXSourcesBuildPhase;
			buildActionMask = 2147483647;
			files = (
			);
			runOnlyForDeploymentPostprocessing = 0;
		};
		478055292D5BD68C003988E7 /* Sources */ = {
			isa = PBXSourcesBuildPhase;
			buildActionMask = 2147483647;
			files = (
			);
			runOnlyForDeploymentPostprocessing = 0;
		};
		478055D22D5BE259003988E7 /* Sources */ = {
			isa = PBXSourcesBuildPhase;
			buildActionMask = 2147483647;
			files = (
			);
			runOnlyForDeploymentPostprocessing = 0;
		};
		47889F7F2E12A4B900D86A0E /* Sources */ = {
			isa = PBXSourcesBuildPhase;
			buildActionMask = 2147483647;
			files = (
			);
			runOnlyForDeploymentPostprocessing = 0;
		};
/* End PBXSourcesBuildPhase section */

/* Begin PBXTargetDependency section */
		47412E002E143FFF0099F20A /* PBXTargetDependency */ = {
			isa = PBXTargetDependency;
			target = 47412DF42E143FFE0099F20A /* DeviceReportExtension */;
			targetProxy = 47412DFF2E143FFF0099F20A /* PBXContainerItemProxy */;
		};
		478055252D5BD68C003988E7 /* PBXTargetDependency */ = {
			isa = PBXTargetDependency;
			target = 478055122D5BD68B003988E7 /* AntiSocialApp */;
			targetProxy = 478055242D5BD68C003988E7 /* PBXContainerItemProxy */;
		};
		4780552F2D5BD68C003988E7 /* PBXTargetDependency */ = {
			isa = PBXTargetDependency;
			target = 478055122D5BD68B003988E7 /* AntiSocialApp */;
			targetProxy = 4780552E2D5BD68C003988E7 /* PBXContainerItemProxy */;
		};
		478055E02D5BE259003988E7 /* PBXTargetDependency */ = {
			isa = PBXTargetDependency;
			target = 478055D52D5BE259003988E7 /* DeviceActivityMonitorExtension */;
			targetProxy = 478055DF2D5BE259003988E7 /* PBXContainerItemProxy */;
		};
		47889F8E2E12A4B900D86A0E /* PBXTargetDependency */ = {
			isa = PBXTargetDependency;
			target = 47889F822E12A4B900D86A0E /* Shield */;
			targetProxy = 47889F8D2E12A4B900D86A0E /* PBXContainerItemProxy */;
		};
/* End PBXTargetDependency section */

/* Begin XCBuildConfiguration section */
		47412E032E143FFF0099F20A /* Debug */ = {
			isa = XCBuildConfiguration;
			buildSettings = {
				CODE_SIGN_ENTITLEMENTS = DeviceReportExtension/DeviceReportExtension.entitlements;
				CODE_SIGN_IDENTITY = "Apple Development";
				CODE_SIGN_STYLE = Automatic;
				CURRENT_PROJECT_VERSION = 1;
				DEVELOPMENT_TEAM = U8A27296FS;
				GENERATE_INFOPLIST_FILE = YES;
				INFOPLIST_FILE = DeviceReportExtension/Info.plist;
				INFOPLIST_KEY_CFBundleDisplayName = DeviceReportExtension;
				INFOPLIST_KEY_NSHumanReadableCopyright = "";
				LD_RUNPATH_SEARCH_PATHS = (
					"$(inherited)",
					"@executable_path/Frameworks",
					"@executable_path/../../Frameworks",
				);
				MARKETING_VERSION = 1.0;
				PRODUCT_BUNDLE_IDENTIFIER = com.app.antisocial.DeviceReportExtension;
				PRODUCT_NAME = "$(TARGET_NAME)";
				SKIP_INSTALL = YES;
				SWIFT_EMIT_LOC_STRINGS = YES;
				SWIFT_VERSION = 5.0;
				TARGETED_DEVICE_FAMILY = "1,2";
			};
			name = Debug;
		};
		47412E042E143FFF0099F20A /* Release */ = {
			isa = XCBuildConfiguration;
			buildSettings = {
				CODE_SIGN_ENTITLEMENTS = DeviceReportExtension/DeviceReportExtension.entitlements;
				CODE_SIGN_IDENTITY = "Apple Development";
				CODE_SIGN_STYLE = Automatic;
				CURRENT_PROJECT_VERSION = 1;
				DEVELOPMENT_TEAM = U8A27296FS;
				GENERATE_INFOPLIST_FILE = YES;
				INFOPLIST_FILE = DeviceReportExtension/Info.plist;
				INFOPLIST_KEY_CFBundleDisplayName = DeviceReportExtension;
				INFOPLIST_KEY_NSHumanReadableCopyright = "";
				LD_RUNPATH_SEARCH_PATHS = (
					"$(inherited)",
					"@executable_path/Frameworks",
					"@executable_path/../../Frameworks",
				);
				MARKETING_VERSION = 1.0;
				PRODUCT_BUNDLE_IDENTIFIER = com.app.antisocial.DeviceReportExtension;
				PRODUCT_NAME = "$(TARGET_NAME)";
				SKIP_INSTALL = YES;
				SWIFT_EMIT_LOC_STRINGS = YES;
				SWIFT_VERSION = 5.0;
				TARGETED_DEVICE_FAMILY = "1,2";
			};
			name = Release;
		};
		478055352D5BD68C003988E7 /* Debug */ = {
			isa = XCBuildConfiguration;
			buildSettings = {
				ALWAYS_SEARCH_USER_PATHS = NO;
				ASSETCATALOG_COMPILER_GENERATE_SWIFT_ASSET_SYMBOL_EXTENSIONS = YES;
				CLANG_ANALYZER_NONNULL = YES;
				CLANG_ANALYZER_NUMBER_OBJECT_CONVERSION = YES_AGGRESSIVE;
				CLANG_CXX_LANGUAGE_STANDARD = "gnu++20";
				CLANG_ENABLE_MODULES = YES;
				CLANG_ENABLE_OBJC_ARC = YES;
				CLANG_ENABLE_OBJC_WEAK = YES;
				CLANG_WARN_BLOCK_CAPTURE_AUTORELEASING = YES;
				CLANG_WARN_BOOL_CONVERSION = YES;
				CLANG_WARN_COMMA = YES;
				CLANG_WARN_CONSTANT_CONVERSION = YES;
				CLANG_WARN_DEPRECATED_OBJC_IMPLEMENTATIONS = YES;
				CLANG_WARN_DIRECT_OBJC_ISA_USAGE = YES_ERROR;
				CLANG_WARN_DOCUMENTATION_COMMENTS = YES;
				CLANG_WARN_EMPTY_BODY = YES;
				CLANG_WARN_ENUM_CONVERSION = YES;
				CLANG_WARN_INFINITE_RECURSION = YES;
				CLANG_WARN_INT_CONVERSION = YES;
				CLANG_WARN_NON_LITERAL_NULL_CONVERSION = YES;
				CLANG_WARN_OBJC_IMPLICIT_RETAIN_SELF = YES;
				CLANG_WARN_OBJC_LITERAL_CONVERSION = YES;
				CLANG_WARN_OBJC_ROOT_CLASS = YES_ERROR;
				CLANG_WARN_QUOTED_INCLUDE_IN_FRAMEWORK_HEADER = YES;
				CLANG_WARN_RANGE_LOOP_ANALYSIS = YES;
				CLANG_WARN_STRICT_PROTOTYPES = YES;
				CLANG_WARN_SUSPICIOUS_MOVE = YES;
				CLANG_WARN_UNGUARDED_AVAILABILITY = YES_AGGRESSIVE;
				CLANG_WARN_UNREACHABLE_CODE = YES;
				CLANG_WARN__DUPLICATE_METHOD_MATCH = YES;
				COPY_PHASE_STRIP = NO;
				DEBUG_INFORMATION_FORMAT = dwarf;
				ENABLE_STRICT_OBJC_MSGSEND = YES;
				ENABLE_TESTABILITY = YES;
				ENABLE_USER_SCRIPT_SANDBOXING = YES;
				GCC_C_LANGUAGE_STANDARD = gnu17;
				GCC_DYNAMIC_NO_PIC = NO;
				GCC_NO_COMMON_BLOCKS = YES;
				GCC_OPTIMIZATION_LEVEL = 0;
				GCC_PREPROCESSOR_DEFINITIONS = (
					"DEBUG=1",
					"$(inherited)",
				);
				GCC_WARN_64_TO_32_BIT_CONVERSION = YES;
				GCC_WARN_ABOUT_RETURN_TYPE = YES_ERROR;
				GCC_WARN_UNDECLARED_SELECTOR = YES;
				GCC_WARN_UNINITIALIZED_AUTOS = YES_AGGRESSIVE;
				GCC_WARN_UNUSED_FUNCTION = YES;
				GCC_WARN_UNUSED_VARIABLE = YES;
				IPHONEOS_DEPLOYMENT_TARGET = 18.2;
				LOCALIZATION_PREFERS_STRING_CATALOGS = YES;
				MTL_ENABLE_DEBUG_INFO = INCLUDE_SOURCE;
				MTL_FAST_MATH = YES;
				ONLY_ACTIVE_ARCH = YES;
				SDKROOT = iphoneos;
				SWIFT_ACTIVE_COMPILATION_CONDITIONS = "DEBUG $(inherited)";
				SWIFT_OPTIMIZATION_LEVEL = "-Onone";
			};
			name = Debug;
		};
		478055362D5BD68C003988E7 /* Release */ = {
			isa = XCBuildConfiguration;
			buildSettings = {
				ALWAYS_SEARCH_USER_PATHS = NO;
				ASSETCATALOG_COMPILER_GENERATE_SWIFT_ASSET_SYMBOL_EXTENSIONS = YES;
				CLANG_ANALYZER_NONNULL = YES;
				CLANG_ANALYZER_NUMBER_OBJECT_CONVERSION = YES_AGGRESSIVE;
				CLANG_CXX_LANGUAGE_STANDARD = "gnu++20";
				CLANG_ENABLE_MODULES = YES;
				CLANG_ENABLE_OBJC_ARC = YES;
				CLANG_ENABLE_OBJC_WEAK = YES;
				CLANG_WARN_BLOCK_CAPTURE_AUTORELEASING = YES;
				CLANG_WARN_BOOL_CONVERSION = YES;
				CLANG_WARN_COMMA = YES;
				CLANG_WARN_CONSTANT_CONVERSION = YES;
				CLANG_WARN_DEPRECATED_OBJC_IMPLEMENTATIONS = YES;
				CLANG_WARN_DIRECT_OBJC_ISA_USAGE = YES_ERROR;
				CLANG_WARN_DOCUMENTATION_COMMENTS = YES;
				CLANG_WARN_EMPTY_BODY = YES;
				CLANG_WARN_ENUM_CONVERSION = YES;
				CLANG_WARN_INFINITE_RECURSION = YES;
				CLANG_WARN_INT_CONVERSION = YES;
				CLANG_WARN_NON_LITERAL_NULL_CONVERSION = YES;
				CLANG_WARN_OBJC_IMPLICIT_RETAIN_SELF = YES;
				CLANG_WARN_OBJC_LITERAL_CONVERSION = YES;
				CLANG_WARN_OBJC_ROOT_CLASS = YES_ERROR;
				CLANG_WARN_QUOTED_INCLUDE_IN_FRAMEWORK_HEADER = YES;
				CLANG_WARN_RANGE_LOOP_ANALYSIS = YES;
				CLANG_WARN_STRICT_PROTOTYPES = YES;
				CLANG_WARN_SUSPICIOUS_MOVE = YES;
				CLANG_WARN_UNGUARDED_AVAILABILITY = YES_AGGRESSIVE;
				CLANG_WARN_UNREACHABLE_CODE = YES;
				CLANG_WARN__DUPLICATE_METHOD_MATCH = YES;
				COPY_PHASE_STRIP = NO;
				DEBUG_INFORMATION_FORMAT = "dwarf-with-dsym";
				ENABLE_NS_ASSERTIONS = NO;
				ENABLE_STRICT_OBJC_MSGSEND = YES;
				ENABLE_USER_SCRIPT_SANDBOXING = YES;
				GCC_C_LANGUAGE_STANDARD = gnu17;
				GCC_NO_COMMON_BLOCKS = YES;
				GCC_WARN_64_TO_32_BIT_CONVERSION = YES;
				GCC_WARN_ABOUT_RETURN_TYPE = YES_ERROR;
				GCC_WARN_UNDECLARED_SELECTOR = YES;
				GCC_WARN_UNINITIALIZED_AUTOS = YES_AGGRESSIVE;
				GCC_WARN_UNUSED_FUNCTION = YES;
				GCC_WARN_UNUSED_VARIABLE = YES;
				IPHONEOS_DEPLOYMENT_TARGET = 18.2;
				LOCALIZATION_PREFERS_STRING_CATALOGS = YES;
				MTL_ENABLE_DEBUG_INFO = NO;
				MTL_FAST_MATH = YES;
				SDKROOT = iphoneos;
				SWIFT_COMPILATION_MODE = wholemodule;
				VALIDATE_PRODUCT = YES;
			};
			name = Release;
		};
		478055382D5BD68C003988E7 /* Debug */ = {
			isa = XCBuildConfiguration;
			buildSettings = {
				ASSETCATALOG_COMPILER_APPICON_NAME = AppIcon;
				ASSETCATALOG_COMPILER_GLOBAL_ACCENT_COLOR_NAME = AccentColor;
				CODE_SIGN_ENTITLEMENTS = AntiSocial/App/AntiSocialApp.entitlements;
				CODE_SIGN_IDENTITY = "Apple Development";
				CODE_SIGN_STYLE = Automatic;
				CURRENT_PROJECT_VERSION = 1;
				DEVELOPMENT_ASSET_PATHS = "\"AntiSocial/App/Preview Content\"";
				DEVELOPMENT_TEAM = U8A27296FS;
				ENABLE_PREVIEWS = YES;
				GENERATE_INFOPLIST_FILE = YES;
				INFOPLIST_FILE = "AntiSocialApp-Info.plist";
				INFOPLIST_KEY_CFBundleDisplayName = "Phone Jail";
				INFOPLIST_KEY_NSUserTrackingUsageDescription = "We will use this identifier to show personalized content and improve ads to support the app's development.";
				INFOPLIST_KEY_UIApplicationSceneManifest_Generation = YES;
				INFOPLIST_KEY_UIApplicationSupportsIndirectInputEvents = YES;
				INFOPLIST_KEY_UILaunchScreen_Generation = YES;
				INFOPLIST_KEY_UILaunchStoryboardName = "Launch Screen";
				INFOPLIST_KEY_UISupportedInterfaceOrientations = UIInterfaceOrientationPortrait;
				INFOPLIST_KEY_UISupportedInterfaceOrientations_iPad = "UIInterfaceOrientationLandscapeLeft UIInterfaceOrientationLandscapeRight UIInterfaceOrientationPortrait UIInterfaceOrientationPortraitUpsideDown";
				LD_RUNPATH_SEARCH_PATHS = (
					"$(inherited)",
					"@executable_path/Frameworks",
				);
				MARKETING_VERSION = 1.0;
				PRODUCT_BUNDLE_IDENTIFIER = com.app.antisocial;
				PRODUCT_NAME = "$(TARGET_NAME)";
				PROVISIONING_PROFILE_SPECIFIER = "";
				SUPPORTED_PLATFORMS = "iphoneos iphonesimulator";
				SUPPORTS_MACCATALYST = NO;
				SUPPORTS_MAC_DESIGNED_FOR_IPHONE_IPAD = NO;
				SWIFT_EMIT_LOC_STRINGS = YES;
				SWIFT_VERSION = 5.0;
				TARGETED_DEVICE_FAMILY = 1;
			};
			name = Debug;
		};
		478055392D5BD68C003988E7 /* Release */ = {
			isa = XCBuildConfiguration;
			buildSettings = {
				ASSETCATALOG_COMPILER_APPICON_NAME = AppIcon;
				ASSETCATALOG_COMPILER_GLOBAL_ACCENT_COLOR_NAME = AccentColor;
				CODE_SIGN_ENTITLEMENTS = AntiSocial/App/AntiSocialApp.entitlements;
				CODE_SIGN_IDENTITY = "Apple Development";
				CODE_SIGN_STYLE = Automatic;
				CURRENT_PROJECT_VERSION = 1;
				DEVELOPMENT_ASSET_PATHS = "\"AntiSocial/App/Preview Content\"";
				DEVELOPMENT_TEAM = U8A27296FS;
				ENABLE_PREVIEWS = YES;
				GENERATE_INFOPLIST_FILE = YES;
				INFOPLIST_FILE = "AntiSocialApp-Info.plist";
				INFOPLIST_KEY_CFBundleDisplayName = "Phone Jail";
				INFOPLIST_KEY_NSUserTrackingUsageDescription = "We will use this identifier to show personalized content and improve ads to support the app's development.";
				INFOPLIST_KEY_UIApplicationSceneManifest_Generation = YES;
				INFOPLIST_KEY_UIApplicationSupportsIndirectInputEvents = YES;
				INFOPLIST_KEY_UILaunchScreen_Generation = YES;
				INFOPLIST_KEY_UILaunchStoryboardName = "Launch Screen";
				INFOPLIST_KEY_UISupportedInterfaceOrientations = UIInterfaceOrientationPortrait;
				INFOPLIST_KEY_UISupportedInterfaceOrientations_iPad = "UIInterfaceOrientationLandscapeLeft UIInterfaceOrientationLandscapeRight UIInterfaceOrientationPortrait UIInterfaceOrientationPortraitUpsideDown";
				LD_RUNPATH_SEARCH_PATHS = (
					"$(inherited)",
					"@executable_path/Frameworks",
				);
				MARKETING_VERSION = 1.0;
				PRODUCT_BUNDLE_IDENTIFIER = com.app.antisocial;
				PRODUCT_NAME = "$(TARGET_NAME)";
				PROVISIONING_PROFILE_SPECIFIER = "";
				SUPPORTED_PLATFORMS = "iphoneos iphonesimulator";
				SUPPORTS_MACCATALYST = NO;
				SUPPORTS_MAC_DESIGNED_FOR_IPHONE_IPAD = NO;
				SWIFT_EMIT_LOC_STRINGS = YES;
				SWIFT_VERSION = 5.0;
				TARGETED_DEVICE_FAMILY = 1;
			};
			name = Release;
		};
		4780553B2D5BD68C003988E7 /* Debug */ = {
			isa = XCBuildConfiguration;
			buildSettings = {
				BUNDLE_LOADER = "$(TEST_HOST)";
				CODE_SIGN_STYLE = Automatic;
				CURRENT_PROJECT_VERSION = 1;
				DEVELOPMENT_TEAM = U8A27296FS;
				GENERATE_INFOPLIST_FILE = YES;
				IPHONEOS_DEPLOYMENT_TARGET = 18.2;
				MARKETING_VERSION = 1.0;
				PRODUCT_BUNDLE_IDENTIFIER = com.app.antisocialAppTests;
				PRODUCT_NAME = "$(TARGET_NAME)";
				SWIFT_EMIT_LOC_STRINGS = NO;
				SWIFT_VERSION = 5.0;
				TARGETED_DEVICE_FAMILY = "1,2";
				TEST_HOST = "$(BUILT_PRODUCTS_DIR)/AntiSocial.app/$(BUNDLE_EXECUTABLE_FOLDER_PATH)/AntiSocial";
			};
			name = Debug;
		};
		4780553C2D5BD68C003988E7 /* Release */ = {
			isa = XCBuildConfiguration;
			buildSettings = {
				BUNDLE_LOADER = "$(TEST_HOST)";
				CODE_SIGN_STYLE = Automatic;
				CURRENT_PROJECT_VERSION = 1;
				DEVELOPMENT_TEAM = U8A27296FS;
				GENERATE_INFOPLIST_FILE = YES;
				IPHONEOS_DEPLOYMENT_TARGET = 18.2;
				MARKETING_VERSION = 1.0;
				PRODUCT_BUNDLE_IDENTIFIER = com.app.antisocialAppTests;
				PRODUCT_NAME = "$(TARGET_NAME)";
				SWIFT_EMIT_LOC_STRINGS = NO;
				SWIFT_VERSION = 5.0;
				TARGETED_DEVICE_FAMILY = "1,2";
				TEST_HOST = "$(BUILT_PRODUCTS_DIR)/AntiSocial.app/$(BUNDLE_EXECUTABLE_FOLDER_PATH)/AntiSocial";
			};
			name = Release;
		};
		4780553E2D5BD68C003988E7 /* Debug */ = {
			isa = XCBuildConfiguration;
			buildSettings = {
				CODE_SIGN_STYLE = Automatic;
				CURRENT_PROJECT_VERSION = 1;
				DEVELOPMENT_TEAM = U8A27296FS;
				GENERATE_INFOPLIST_FILE = YES;
				MARKETING_VERSION = 1.0;
				PRODUCT_BUNDLE_IDENTIFIER = com.app.antisocialAppUITests;
				PRODUCT_NAME = "$(TARGET_NAME)";
				SWIFT_EMIT_LOC_STRINGS = NO;
				SWIFT_VERSION = 5.0;
				TARGETED_DEVICE_FAMILY = "1,2";
				TEST_TARGET_NAME = ScreenTimeTestApp;
			};
			name = Debug;
		};
		4780553F2D5BD68C003988E7 /* Release */ = {
			isa = XCBuildConfiguration;
			buildSettings = {
				CODE_SIGN_STYLE = Automatic;
				CURRENT_PROJECT_VERSION = 1;
				DEVELOPMENT_TEAM = U8A27296FS;
				GENERATE_INFOPLIST_FILE = YES;
				MARKETING_VERSION = 1.0;
				PRODUCT_BUNDLE_IDENTIFIER = com.app.antisocialAppUITests;
				PRODUCT_NAME = "$(TARGET_NAME)";
				SWIFT_EMIT_LOC_STRINGS = NO;
				SWIFT_VERSION = 5.0;
				TARGETED_DEVICE_FAMILY = "1,2";
				TEST_TARGET_NAME = ScreenTimeTestApp;
			};
			name = Release;
		};
		478055E42D5BE259003988E7 /* Debug */ = {
			isa = XCBuildConfiguration;
			buildSettings = {
				CODE_SIGN_ENTITLEMENTS = DeviceActivityMonitorExtension/DeviceActivityMonitorExtension.entitlements;
				CODE_SIGN_STYLE = Automatic;
				CURRENT_PROJECT_VERSION = 1;
				DEVELOPMENT_TEAM = U8A27296FS;
				GENERATE_INFOPLIST_FILE = YES;
				INFOPLIST_FILE = DeviceActivityMonitorExtension/Info.plist;
				INFOPLIST_KEY_CFBundleDisplayName = DeviceActivityMonitorExtension;
				INFOPLIST_KEY_NSHumanReadableCopyright = "";
				LD_RUNPATH_SEARCH_PATHS = (
					"$(inherited)",
					"@executable_path/Frameworks",
					"@executable_path/../../Frameworks",
				);
				MARKETING_VERSION = 1.0;
				PRODUCT_BUNDLE_IDENTIFIER = com.app.antisocial.ActivityMonitorExtension;
				PRODUCT_NAME = "$(TARGET_NAME)";
				SKIP_INSTALL = YES;
				SWIFT_EMIT_LOC_STRINGS = YES;
				SWIFT_VERSION = 5.0;
				TARGETED_DEVICE_FAMILY = "1,2";
			};
			name = Debug;
		};
		478055E52D5BE259003988E7 /* Release */ = {
			isa = XCBuildConfiguration;
			buildSettings = {
				CODE_SIGN_ENTITLEMENTS = DeviceActivityMonitorExtension/DeviceActivityMonitorExtension.entitlements;
				CODE_SIGN_STYLE = Automatic;
				CURRENT_PROJECT_VERSION = 1;
				DEVELOPMENT_TEAM = U8A27296FS;
				GENERATE_INFOPLIST_FILE = YES;
				INFOPLIST_FILE = DeviceActivityMonitorExtension/Info.plist;
				INFOPLIST_KEY_CFBundleDisplayName = DeviceActivityMonitorExtension;
				INFOPLIST_KEY_NSHumanReadableCopyright = "";
				LD_RUNPATH_SEARCH_PATHS = (
					"$(inherited)",
					"@executable_path/Frameworks",
					"@executable_path/../../Frameworks",
				);
				MARKETING_VERSION = 1.0;
				PRODUCT_BUNDLE_IDENTIFIER = com.app.antisocial.ActivityMonitorExtension;
				PRODUCT_NAME = "$(TARGET_NAME)";
				SKIP_INSTALL = YES;
				SWIFT_EMIT_LOC_STRINGS = YES;
				SWIFT_VERSION = 5.0;
				TARGETED_DEVICE_FAMILY = "1,2";
			};
			name = Release;
		};
		47889F902E12A4B900D86A0E /* Debug */ = {
			isa = XCBuildConfiguration;
			buildSettings = {
				CODE_SIGN_ENTITLEMENTS = Shield/Shield.entitlements;
				CODE_SIGN_IDENTITY = "Apple Development";
				CODE_SIGN_STYLE = Automatic;
				CURRENT_PROJECT_VERSION = 1;
				DEVELOPMENT_TEAM = U8A27296FS;
				GENERATE_INFOPLIST_FILE = YES;
				INFOPLIST_FILE = Shield/Info.plist;
				INFOPLIST_KEY_CFBundleDisplayName = Shield;
				INFOPLIST_KEY_NSHumanReadableCopyright = "";
				LD_RUNPATH_SEARCH_PATHS = (
					"$(inherited)",
					"@executable_path/Frameworks",
					"@executable_path/../../Frameworks",
				);
				MARKETING_VERSION = 1.0;
				PRODUCT_BUNDLE_IDENTIFIER = com.app.antisocial.Shield;
				PRODUCT_NAME = "$(TARGET_NAME)";
				SKIP_INSTALL = YES;
				SWIFT_EMIT_LOC_STRINGS = YES;
				SWIFT_VERSION = 5.0;
				TARGETED_DEVICE_FAMILY = "1,2";
			};
			name = Debug;
		};
		47889F912E12A4B900D86A0E /* Release */ = {
			isa = XCBuildConfiguration;
			buildSettings = {
				CODE_SIGN_ENTITLEMENTS = Shield/Shield.entitlements;
				CODE_SIGN_IDENTITY = "Apple Development";
				CODE_SIGN_STYLE = Automatic;
				CURRENT_PROJECT_VERSION = 1;
				DEVELOPMENT_TEAM = U8A27296FS;
				GENERATE_INFOPLIST_FILE = YES;
				INFOPLIST_FILE = Shield/Info.plist;
				INFOPLIST_KEY_CFBundleDisplayName = Shield;
				INFOPLIST_KEY_NSHumanReadableCopyright = "";
				LD_RUNPATH_SEARCH_PATHS = (
					"$(inherited)",
					"@executable_path/Frameworks",
					"@executable_path/../../Frameworks",
				);
				MARKETING_VERSION = 1.0;
				PRODUCT_BUNDLE_IDENTIFIER = com.app.antisocial.Shield;
				PRODUCT_NAME = "$(TARGET_NAME)";
				SKIP_INSTALL = YES;
				SWIFT_EMIT_LOC_STRINGS = YES;
				SWIFT_VERSION = 5.0;
				TARGETED_DEVICE_FAMILY = "1,2";
			};
			name = Release;
		};
/* End XCBuildConfiguration section */

/* Begin XCConfigurationList section */
		47412E062E143FFF0099F20A /* Build configuration list for PBXNativeTarget "DeviceReportExtension" */ = {
			isa = XCConfigurationList;
			buildConfigurations = (
				47412E032E143FFF0099F20A /* Debug */,
				47412E042E143FFF0099F20A /* Release */,
			);
			defaultConfigurationIsVisible = 0;
			defaultConfigurationName = Release;
		};
		4780550E2D5BD68B003988E7 /* Build configuration list for PBXProject "AntiSocial" */ = {
			isa = XCConfigurationList;
			buildConfigurations = (
				478055352D5BD68C003988E7 /* Debug */,
				478055362D5BD68C003988E7 /* Release */,
			);
			defaultConfigurationIsVisible = 0;
			defaultConfigurationName = Release;
		};
		478055372D5BD68C003988E7 /* Build configuration list for PBXNativeTarget "AntiSocialApp" */ = {
			isa = XCConfigurationList;
			buildConfigurations = (
				478055382D5BD68C003988E7 /* Debug */,
				478055392D5BD68C003988E7 /* Release */,
			);
			defaultConfigurationIsVisible = 0;
			defaultConfigurationName = Release;
		};
		4780553A2D5BD68C003988E7 /* Build configuration list for PBXNativeTarget "AntiSocialTests" */ = {
			isa = XCConfigurationList;
			buildConfigurations = (
				4780553B2D5BD68C003988E7 /* Debug */,
				4780553C2D5BD68C003988E7 /* Release */,
			);
			defaultConfigurationIsVisible = 0;
			defaultConfigurationName = Release;
		};
		4780553D2D5BD68C003988E7 /* Build configuration list for PBXNativeTarget "AntiSocialUITests" */ = {
			isa = XCConfigurationList;
			buildConfigurations = (
				4780553E2D5BD68C003988E7 /* Debug */,
				4780553F2D5BD68C003988E7 /* Release */,
			);
			defaultConfigurationIsVisible = 0;
			defaultConfigurationName = Release;
		};
		478055E32D5BE259003988E7 /* Build configuration list for PBXNativeTarget "DeviceActivityMonitorExtension" */ = {
			isa = XCConfigurationList;
			buildConfigurations = (
				478055E42D5BE259003988E7 /* Debug */,
				478055E52D5BE259003988E7 /* Release */,
			);
			defaultConfigurationIsVisible = 0;
			defaultConfigurationName = Release;
		};
		47889F932E12A4B900D86A0E /* Build configuration list for PBXNativeTarget "Shield" */ = {
			isa = XCConfigurationList;
			buildConfigurations = (
				47889F902E12A4B900D86A0E /* Debug */,
				47889F912E12A4B900D86A0E /* Release */,
			);
			defaultConfigurationIsVisible = 0;
			defaultConfigurationName = Release;
		};
/* End XCConfigurationList section */

/* Begin XCRemoteSwiftPackageReference section */
		471FD4942E0AC56700DE59AA /* XCRemoteSwiftPackageReference "firebase-ios-sdk" */ = {
			isa = XCRemoteSwiftPackageReference;
			repositoryURL = "https://github.com/firebase/firebase-ios-sdk";
			requirement = {
				kind = upToNextMajorVersion;
				minimumVersion = 11.15.0;
			};
		};
		471FD4A32E0AC5A700DE59AA /* XCRemoteSwiftPackageReference "GoogleSignIn-iOS" */ = {
			isa = XCRemoteSwiftPackageReference;
			repositoryURL = "https://github.com/google/GoogleSignIn-iOS.git";
			requirement = {
				kind = upToNextMajorVersion;
				minimumVersion = 8.0.0;
			};
		};
		471FD4A62E0AC5E500DE59AA /* XCRemoteSwiftPackageReference "GRDB.swift" */ = {
			isa = XCRemoteSwiftPackageReference;
			repositoryURL = "https://github.com/groue/GRDB.swift.git";
			requirement = {
				branch = master;
				kind = branch;
			};
		};
		471FD4B32E0AC69B00DE59AA /* XCRemoteSwiftPackageReference "purchases-ios-spm" */ = {
			isa = XCRemoteSwiftPackageReference;
			repositoryURL = "https://github.com/RevenueCat/purchases-ios-spm.git";
			requirement = {
				kind = upToNextMajorVersion;
				minimumVersion = 5.29.0;
			};
		};
/* End XCRemoteSwiftPackageReference section */

/* Begin XCSwiftPackageProductDependency section */
		471FD4952E0AC56700DE59AA /* FirebaseAnalytics */ = {
			isa = XCSwiftPackageProductDependency;
			package = 471FD4942E0AC56700DE59AA /* XCRemoteSwiftPackageReference "firebase-ios-sdk" */;
			productName = FirebaseAnalytics;
		};
		471FD4972E0AC56700DE59AA /* FirebaseAuth */ = {
			isa = XCSwiftPackageProductDependency;
			package = 471FD4942E0AC56700DE59AA /* XCRemoteSwiftPackageReference "firebase-ios-sdk" */;
			productName = FirebaseAuth;
		};
		471FD4992E0AC56700DE59AA /* FirebaseCore */ = {
			isa = XCSwiftPackageProductDependency;
			package = 471FD4942E0AC56700DE59AA /* XCRemoteSwiftPackageReference "firebase-ios-sdk" */;
			productName = FirebaseCore;
		};
		471FD49B2E0AC56700DE59AA /* FirebaseCrashlytics */ = {
			isa = XCSwiftPackageProductDependency;
			package = 471FD4942E0AC56700DE59AA /* XCRemoteSwiftPackageReference "firebase-ios-sdk" */;
			productName = FirebaseCrashlytics;
		};
		471FD49D2E0AC56700DE59AA /* FirebaseFirestore */ = {
			isa = XCSwiftPackageProductDependency;
			package = 471FD4942E0AC56700DE59AA /* XCRemoteSwiftPackageReference "firebase-ios-sdk" */;
			productName = FirebaseFirestore;
		};
		471FD49F2E0AC56700DE59AA /* FirebasePerformance */ = {
			isa = XCSwiftPackageProductDependency;
			package = 471FD4942E0AC56700DE59AA /* XCRemoteSwiftPackageReference "firebase-ios-sdk" */;
			productName = FirebasePerformance;
		};
		471FD4A12E0AC56700DE59AA /* FirebaseRemoteConfig */ = {
			isa = XCSwiftPackageProductDependency;
			package = 471FD4942E0AC56700DE59AA /* XCRemoteSwiftPackageReference "firebase-ios-sdk" */;
			productName = FirebaseRemoteConfig;
		};
		471FD4A42E0AC5A700DE59AA /* GoogleSignIn */ = {
			isa = XCSwiftPackageProductDependency;
			package = 471FD4A32E0AC5A700DE59AA /* XCRemoteSwiftPackageReference "GoogleSignIn-iOS" */;
			productName = GoogleSignIn;
		};
		471FD4A72E0AC5E500DE59AA /* GRDB */ = {
			isa = XCSwiftPackageProductDependency;
			package = 471FD4A62E0AC5E500DE59AA /* XCRemoteSwiftPackageReference "GRDB.swift" */;
			productName = GRDB;
		};
		471FD4B12E0AC66C00DE59AA /* GoogleSignInSwift */ = {
			isa = XCSwiftPackageProductDependency;
			package = 471FD4A32E0AC5A700DE59AA /* XCRemoteSwiftPackageReference "GoogleSignIn-iOS" */;
			productName = GoogleSignInSwift;
		};
		471FD4B42E0AC69B00DE59AA /* RevenueCat */ = {
			isa = XCSwiftPackageProductDependency;
			package = 471FD4B32E0AC69B00DE59AA /* XCRemoteSwiftPackageReference "purchases-ios-spm" */;
			productName = RevenueCat;
		};
		471FD4B62E0AC69B00DE59AA /* RevenueCatUI */ = {
			isa = XCSwiftPackageProductDependency;
			package = 471FD4B32E0AC69B00DE59AA /* XCRemoteSwiftPackageReference "purchases-ios-spm" */;
			productName = RevenueCatUI;
		};
/* End XCSwiftPackageProductDependency section */
	};
	rootObject = 4780550B2D5BD68B003988E7 /* Project object */;
}
